// !$*UTF8*$!
{
	archiveVersion = 1;
	classes = {
	};
	objectVersion = 56;
	objects = {

/* Begin PBXBuildFile section */
		3A2772E82A609D6C00F8C54C /* AppDelegate.swift in Sources */ = {isa = PBXBuildFile; fileRef = 3A2772E72A609D6C00F8C54C /* AppDelegate.swift */; };
		3A2772EA2A609D6C00F8C54C /* SceneDelegate.swift in Sources */ = {isa = PBXBuildFile; fileRef = 3A2772E92A609D6C00F8C54C /* SceneDelegate.swift */; };
		3A2772EC2A609D6C00F8C54C /* AnimalViewController.swift in Sources */ = {isa = PBXBuildFile; fileRef = 3A2772EB2A609D6C00F8C54C /* AnimalViewController.swift */; };
		3A2772EF2A609D6C00F8C54C /* AnimalViewController.storyboard in Resources */ = {isa = PBXBuildFile; fileRef = 3A2772ED2A609D6C00F8C54C /* AnimalViewController.storyboard */; };
		3A2772F12A609D6D00F8C54C /* Assets.xcassets in Resources */ = {isa = PBXBuildFile; fileRef = 3A2772F02A609D6D00F8C54C /* Assets.xcassets */; };
		3A2772F42A609D6D00F8C54C /* LaunchScreen.storyboard in Resources */ = {isa = PBXBuildFile; fileRef = 3A2772F22A609D6D00F8C54C /* LaunchScreen.storyboard */; };
		3A2772FC2A609DB900F8C54C /* URLs.swift in Sources */ = {isa = PBXBuildFile; fileRef = 3A2772FB2A609DB900F8C54C /* URLs.swift */; };
		3A2772FE2A609F6E00F8C54C /* WebViewController.swift in Sources */ = {isa = PBXBuildFile; fileRef = 3A2772FD2A609F6E00F8C54C /* WebViewController.swift */; };
		3A2DD96C2A6428C80033CB1C /* cheetah.mp4 in Resources */ = {isa = PBXBuildFile; fileRef = 3A2DD9662A641F7F0033CB1C /* cheetah.mp4 */; };
		3A2DD96D2A6428CB0033CB1C /* elephant.mp4 in Resources */ = {isa = PBXBuildFile; fileRef = 3A2DD96A2A641F800033CB1C /* elephant.mp4 */; };
		3A2DD96E2A6428CD0033CB1C /* giraffe.mp4 in Resources */ = {isa = PBXBuildFile; fileRef = 3A2DD96B2A641F800033CB1C /* giraffe.mp4 */; };
		3A2DD96F2A6428CF0033CB1C /* gorilla.mp4 in Resources */ = {isa = PBXBuildFile; fileRef = 3A2DD9642A641F7F0033CB1C /* gorilla.mp4 */; };
		3A2DD9702A6428D20033CB1C /* hippo.mp4 in Resources */ = {isa = PBXBuildFile; fileRef = 3A2DD9682A641F800033CB1C /* hippo.mp4 */; };
		3A2DD9712A6428D40033CB1C /* lion.mp4 in Resources */ = {isa = PBXBuildFile; fileRef = 3A2DD9692A641F800033CB1C /* lion.mp4 */; };
		3A2DD9722A6428D60033CB1C /* ostrich.mp4 in Resources */ = {isa = PBXBuildFile; fileRef = 3A2DD9672A641F7F0033CB1C /* ostrich.mp4 */; };
		3A2DD9732A6428D90033CB1C /* zebra.mp4 in Resources */ = {isa = PBXBuildFile; fileRef = 3A2DD9652A641F7F0033CB1C /* zebra.mp4 */; };
		3A3394F62A60A16F00A44081 /* WebViewController.storyboard in Resources */ = {isa = PBXBuildFile; fileRef = 3A3394F52A60A16F00A44081 /* WebViewController.storyboard */; };
		3A3394F82A60A85E00A44081 /* AnimalView.xib in Resources */ = {isa = PBXBuildFile; fileRef = 3A3394F72A60A85E00A44081 /* AnimalView.xib */; };
		3A3394FA2A60AA0900A44081 /* AnimalView.swift in Sources */ = {isa = PBXBuildFile; fileRef = 3A3394F92A60AA0900A44081 /* AnimalView.swift */; };
/* End PBXBuildFile section */

/* Begin PBXFileReference section */
		3A2772E42A609D6C00F8C54C /* Project-03-Animal-Info.app */ = {isa = PBXFileReference; explicitFileType = wrapper.application; includeInIndex = 0; path = "Project-03-Animal-Info.app"; sourceTree = BUILT_PRODUCTS_DIR; };
		3A2772E72A609D6C00F8C54C /* AppDelegate.swift */ = {isa = PBXFileReference; lastKnownFileType = sourcecode.swift; path = AppDelegate.swift; sourceTree = "<group>"; };
		3A2772E92A609D6C00F8C54C /* SceneDelegate.swift */ = {isa = PBXFileReference; lastKnownFileType = sourcecode.swift; path = SceneDelegate.swift; sourceTree = "<group>"; };
		3A2772EB2A609D6C00F8C54C /* AnimalViewController.swift */ = {isa = PBXFileReference; lastKnownFileType = sourcecode.swift; path = AnimalViewController.swift; sourceTree = "<group>"; };
		3A2772EE2A609D6C00F8C54C /* Base */ = {isa = PBXFileReference; lastKnownFileType = file.storyboard; name = Base; path = Base.lproj/AnimalViewController.storyboard; sourceTree = "<group>"; };
		3A2772F02A609D6D00F8C54C /* Assets.xcassets */ = {isa = PBXFileReference; lastKnownFileType = folder.assetcatalog; path = Assets.xcassets; sourceTree = "<group>"; };
		3A2772F32A609D6D00F8C54C /* Base */ = {isa = PBXFileReference; lastKnownFileType = file.storyboard; name = Base; path = Base.lproj/LaunchScreen.storyboard; sourceTree = "<group>"; };
		3A2772F52A609D6D00F8C54C /* Info.plist */ = {isa = PBXFileReference; lastKnownFileType = text.plist.xml; path = Info.plist; sourceTree = "<group>"; };
		3A2772FB2A609DB900F8C54C /* URLs.swift */ = {isa = PBXFileReference; lastKnownFileType = sourcecode.swift; path = URLs.swift; sourceTree = "<group>"; };
		3A2772FD2A609F6E00F8C54C /* WebViewController.swift */ = {isa = PBXFileReference; lastKnownFileType = sourcecode.swift; path = WebViewController.swift; sourceTree = "<group>"; };
		3A2DD9642A641F7F0033CB1C /* gorilla.mp4 */ = {isa = PBXFileReference; lastKnownFileType = file; path = gorilla.mp4; sourceTree = "<group>"; };
		3A2DD9652A641F7F0033CB1C /* zebra.mp4 */ = {isa = PBXFileReference; lastKnownFileType = file; path = zebra.mp4; sourceTree = "<group>"; };
		3A2DD9662A641F7F0033CB1C /* cheetah.mp4 */ = {isa = PBXFileReference; lastKnownFileType = file; path = cheetah.mp4; sourceTree = "<group>"; };
		3A2DD9672A641F7F0033CB1C /* ostrich.mp4 */ = {isa = PBXFileReference; lastKnownFileType = file; path = ostrich.mp4; sourceTree = "<group>"; };
		3A2DD9682A641F800033CB1C /* hippo.mp4 */ = {isa = PBXFileReference; lastKnownFileType = file; path = hippo.mp4; sourceTree = "<group>"; };
		3A2DD9692A641F800033CB1C /* lion.mp4 */ = {isa = PBXFileReference; lastKnownFileType = file; path = lion.mp4; sourceTree = "<group>"; };
		3A2DD96A2A641F800033CB1C /* elephant.mp4 */ = {isa = PBXFileReference; lastKnownFileType = file; path = elephant.mp4; sourceTree = "<group>"; };
		3A2DD96B2A641F800033CB1C /* giraffe.mp4 */ = {isa = PBXFileReference; lastKnownFileType = file; path = giraffe.mp4; sourceTree = "<group>"; };
		3A3394F52A60A16F00A44081 /* WebViewController.storyboard */ = {isa = PBXFileReference; lastKnownFileType = file.storyboard; path = WebViewController.storyboard; sourceTree = "<group>"; };
		3A3394F72A60A85E00A44081 /* AnimalView.xib */ = {isa = PBXFileReference; lastKnownFileType = file.xib; path = AnimalView.xib; sourceTree = "<group>"; };
		3A3394F92A60AA0900A44081 /* AnimalView.swift */ = {isa = PBXFileReference; lastKnownFileType = sourcecode.swift; path = AnimalView.swift; sourceTree = "<group>"; };
/* End PBXFileReference section */

/* Begin PBXFrameworksBuildPhase section */
		3A2772E12A609D6C00F8C54C /* Frameworks */ = {
			isa = PBXFrameworksBuildPhase;
			buildActionMask = 2147483647;
			files = (
			);
			runOnlyForDeploymentPostprocessing = 0;
		};
/* End PBXFrameworksBuildPhase section */

/* Begin PBXGroup section */
		3A2772DB2A609D6C00F8C54C = {
			isa = PBXGroup;
			children = (
				3A2772E62A609D6C00F8C54C /* Project-03-Animal-Info */,
				3A2772E52A609D6C00F8C54C /* Products */,
			);
			sourceTree = "<group>";
		};
		3A2772E52A609D6C00F8C54C /* Products */ = {
			isa = PBXGroup;
			children = (
				3A2772E42A609D6C00F8C54C /* Project-03-Animal-Info.app */,
			);
			name = Products;
			sourceTree = "<group>";
		};
		3A2772E62A609D6C00F8C54C /* Project-03-Animal-Info */ = {
			isa = PBXGroup;
			children = (
				3A2DD9632A641F700033CB1C /* Videos */,
				3A2772FB2A609DB900F8C54C /* URLs.swift */,
				3A2772E72A609D6C00F8C54C /* AppDelegate.swift */,
				3A2772E92A609D6C00F8C54C /* SceneDelegate.swift */,
				3A2772FF2A60A04E00F8C54C /* Animal */,
				3A3394F42A60A10C00A44081 /* Web */,
				3A2772F02A609D6D00F8C54C /* Assets.xcassets */,
				3A2772F22A609D6D00F8C54C /* LaunchScreen.storyboard */,
				3A2772F52A609D6D00F8C54C /* Info.plist */,
			);
			path = "Project-03-Animal-Info";
			sourceTree = "<group>";
		};
		3A2772FF2A60A04E00F8C54C /* Animal */ = {
			isa = PBXGroup;
			children = (
				3A2772ED2A609D6C00F8C54C /* AnimalViewController.storyboard */,
				3A2772EB2A609D6C00F8C54C /* AnimalViewController.swift */,
				3A3394F72A60A85E00A44081 /* AnimalView.xib */,
				3A3394F92A60AA0900A44081 /* AnimalView.swift */,
			);
			path = Animal;
			sourceTree = "<group>";
		};
		3A2DD9632A641F700033CB1C /* Videos */ = {
			isa = PBXGroup;
			children = (
				3A2DD9662A641F7F0033CB1C /* cheetah.mp4 */,
				3A2DD96A2A641F800033CB1C /* elephant.mp4 */,
				3A2DD96B2A641F800033CB1C /* giraffe.mp4 */,
				3A2DD9642A641F7F0033CB1C /* gorilla.mp4 */,
				3A2DD9682A641F800033CB1C /* hippo.mp4 */,
				3A2DD9692A641F800033CB1C /* lion.mp4 */,
				3A2DD9672A641F7F0033CB1C /* ostrich.mp4 */,
				3A2DD9652A641F7F0033CB1C /* zebra.mp4 */,
			);
			path = Videos;
			sourceTree = "<group>";
		};
		3A3394F42A60A10C00A44081 /* Web */ = {
			isa = PBXGroup;
			children = (
				3A2772FD2A609F6E00F8C54C /* WebViewController.swift */,
				3A3394F52A60A16F00A44081 /* WebViewController.storyboard */,
			);
			path = Web;
			sourceTree = "<group>";
		};
/* End PBXGroup section */

/* Begin PBXNativeTarget section */
		3A2772E32A609D6C00F8C54C /* Project-03-Animal-Info */ = {
			isa = PBXNativeTarget;
			buildConfigurationList = 3A2772F82A609D6D00F8C54C /* Build configuration list for PBXNativeTarget "Project-03-Animal-Info" */;
			buildPhases = (
				3A2772E02A609D6C00F8C54C /* Sources */,
				3A2772E12A609D6C00F8C54C /* Frameworks */,
				3A2772E22A609D6C00F8C54C /* Resources */,
			);
			buildRules = (
			);
			dependencies = (
			);
			name = "Project-03-Animal-Info";
			productName = "Project-03-Animal-Info";
			productReference = 3A2772E42A609D6C00F8C54C /* Project-03-Animal-Info.app */;
			productType = "com.apple.product-type.application";
		};
/* End PBXNativeTarget section */

/* Begin PBXProject section */
		3A2772DC2A609D6C00F8C54C /* Project object */ = {
			isa = PBXProject;
			attributes = {
				BuildIndependentTargetsInParallel = 1;
				LastSwiftUpdateCheck = 1430;
				LastUpgradeCheck = 1430;
				TargetAttributes = {
					3A2772E32A609D6C00F8C54C = {
						CreatedOnToolsVersion = 14.3.1;
					};
				};
			};
			buildConfigurationList = 3A2772DF2A609D6C00F8C54C /* Build configuration list for PBXProject "Project-03-Animal-Info" */;
			compatibilityVersion = "Xcode 14.0";
			developmentRegion = en;
			hasScannedForEncodings = 0;
			knownRegions = (
				en,
				Base,
			);
			mainGroup = 3A2772DB2A609D6C00F8C54C;
			productRefGroup = 3A2772E52A609D6C00F8C54C /* Products */;
			projectDirPath = "";
			projectRoot = "";
			targets = (
				3A2772E32A609D6C00F8C54C /* Project-03-Animal-Info */,
			);
		};
/* End PBXProject section */

/* Begin PBXResourcesBuildPhase section */
		3A2772E22A609D6C00F8C54C /* Resources */ = {
			isa = PBXResourcesBuildPhase;
			buildActionMask = 2147483647;
			files = (
				3A2DD9702A6428D20033CB1C /* hippo.mp4 in Resources */,
				3A2DD9732A6428D90033CB1C /* zebra.mp4 in Resources */,
				3A2772F42A609D6D00F8C54C /* LaunchScreen.storyboard in Resources */,
				3A2DD96F2A6428CF0033CB1C /* gorilla.mp4 in Resources */,
				3A2772F12A609D6D00F8C54C /* Assets.xcassets in Resources */,
				3A2DD96C2A6428C80033CB1C /* cheetah.mp4 in Resources */,
				3A2772EF2A609D6C00F8C54C /* AnimalViewController.storyboard in Resources */,
				3A2DD9722A6428D60033CB1C /* ostrich.mp4 in Resources */,
				3A2DD96D2A6428CB0033CB1C /* elephant.mp4 in Resources */,
				3A3394F82A60A85E00A44081 /* AnimalView.xib in Resources */,
				3A2DD9712A6428D40033CB1C /* lion.mp4 in Resources */,
				3A2DD96E2A6428CD0033CB1C /* giraffe.mp4 in Resources */,
				3A3394F62A60A16F00A44081 /* WebViewController.storyboard in Resources */,
			);
			runOnlyForDeploymentPostprocessing = 0;
		};
/* End PBXResourcesBuildPhase section */

/* Begin PBXSourcesBuildPhase section */
		3A2772E02A609D6C00F8C54C /* Sources */ = {
			isa = PBXSourcesBuildPhase;
			buildActionMask = 2147483647;
			files = (
				3A3394FA2A60AA0900A44081 /* AnimalView.swift in Sources */,
				3A2772EC2A609D6C00F8C54C /* AnimalViewController.swift in Sources */,
				3A2772E82A609D6C00F8C54C /* AppDelegate.swift in Sources */,
				3A2772EA2A609D6C00F8C54C /* SceneDelegate.swift in Sources */,
				3A2772FE2A609F6E00F8C54C /* WebViewController.swift in Sources */,
				3A2772FC2A609DB900F8C54C /* URLs.swift in Sources */,
			);
			runOnlyForDeploymentPostprocessing = 0;
		};
/* End PBXSourcesBuildPhase section */

/* Begin PBXVariantGroup section */
		3A2772ED2A609D6C00F8C54C /* AnimalViewController.storyboard */ = {
			isa = PBXVariantGroup;
			children = (
				3A2772EE2A609D6C00F8C54C /* Base */,
			);
			name = AnimalViewController.storyboard;
			sourceTree = "<group>";
		};
		3A2772F22A609D6D00F8C54C /* LaunchScreen.storyboard */ = {
			isa = PBXVariantGroup;
			children = (
				3A2772F32A609D6D00F8C54C /* Base */,
			);
			name = LaunchScreen.storyboard;
			sourceTree = "<group>";
		};
/* End PBXVariantGroup section */

/* Begin XCBuildConfiguration section */
		3A2772F62A609D6D00F8C54C /* Debug */ = {
			isa = XCBuildConfiguration;
			buildSettings = {
				ALWAYS_SEARCH_USER_PATHS = NO;
				CLANG_ANALYZER_NONNULL = YES;
				CLANG_ANALYZER_NUMBER_OBJECT_CONVERSION = YES_AGGRESSIVE;
				CLANG_CXX_LANGUAGE_STANDARD = "gnu++20";
				CLANG_ENABLE_MODULES = YES;
				CLANG_ENABLE_OBJC_ARC = YES;
				CLANG_ENABLE_OBJC_WEAK = YES;
				CLANG_WARN_BLOCK_CAPTURE_AUTORELEASING = YES;
				CLANG_WARN_BOOL_CONVERSION = YES;
				CLANG_WARN_COMMA = YES;
				CLANG_WARN_CONSTANT_CONVERSION = YES;
				CLANG_WARN_DEPRECATED_OBJC_IMPLEMENTATIONS = YES;
				CLANG_WARN_DIRECT_OBJC_ISA_USAGE = YES_ERROR;
				CLANG_WARN_DOCUMENTATION_COMMENTS = YES;
				CLANG_WARN_EMPTY_BODY = YES;
				CLANG_WARN_ENUM_CONVERSION = YES;
				CLANG_WARN_INFINITE_RECURSION = YES;
				CLANG_WARN_INT_CONVERSION = YES;
				CLANG_WARN_NON_LITERAL_NULL_CONVERSION = YES;
				CLANG_WARN_OBJC_IMPLICIT_RETAIN_SELF = YES;
				CLANG_WARN_OBJC_LITERAL_CONVERSION = YES;
				CLANG_WARN_OBJC_ROOT_CLASS = YES_ERROR;
				CLANG_WARN_QUOTED_INCLUDE_IN_FRAMEWORK_HEADER = YES;
				CLANG_WARN_RANGE_LOOP_ANALYSIS = YES;
				CLANG_WARN_STRICT_PROTOTYPES = YES;
				CLANG_WARN_SUSPICIOUS_MOVE = YES;
				CLANG_WARN_UNGUARDED_AVAILABILITY = YES_AGGRESSIVE;
				CLANG_WARN_UNREACHABLE_CODE = YES;
				CLANG_WARN__DUPLICATE_METHOD_MATCH = YES;
				COPY_PHASE_STRIP = NO;
				DEBUG_INFORMATION_FORMAT = dwarf;
				ENABLE_STRICT_OBJC_MSGSEND = YES;
				ENABLE_TESTABILITY = YES;
				GCC_C_LANGUAGE_STANDARD = gnu11;
				GCC_DYNAMIC_NO_PIC = NO;
				GCC_NO_COMMON_BLOCKS = YES;
				GCC_OPTIMIZATION_LEVEL = 0;
				GCC_PREPROCESSOR_DEFINITIONS = (
					"DEBUG=1",
					"$(inherited)",
				);
				GCC_WARN_64_TO_32_BIT_CONVERSION = YES;
				GCC_WARN_ABOUT_RETURN_TYPE = YES_ERROR;
				GCC_WARN_UNDECLARED_SELECTOR = YES;
				GCC_WARN_UNINITIALIZED_AUTOS = YES_AGGRESSIVE;
				GCC_WARN_UNUSED_FUNCTION = YES;
				GCC_WARN_UNUSED_VARIABLE = YES;
				IPHONEOS_DEPLOYMENT_TARGET = 16.4;
				MTL_ENABLE_DEBUG_INFO = INCLUDE_SOURCE;
				MTL_FAST_MATH = YES;
				ONLY_ACTIVE_ARCH = YES;
				SDKROOT = iphoneos;
				SWIFT_ACTIVE_COMPILATION_CONDITIONS = DEBUG;
				SWIFT_OPTIMIZATION_LEVEL = "-Onone";
			};
			name = Debug;
		};
		3A2772F72A609D6D00F8C54C /* Release */ = {
			isa = XCBuildConfiguration;
			buildSettings = {
				ALWAYS_SEARCH_USER_PATHS = NO;
				CLANG_ANALYZER_NONNULL = YES;
				CLANG_ANALYZER_NUMBER_OBJECT_CONVERSION = YES_AGGRESSIVE;
				CLANG_CXX_LANGUAGE_STANDARD = "gnu++20";
				CLANG_ENABLE_MODULES = YES;
				CLANG_ENABLE_OBJC_ARC = YES;
				CLANG_ENABLE_OBJC_WEAK = YES;
				CLANG_WARN_BLOCK_CAPTURE_AUTORELEASING = YES;
				CLANG_WARN_BOOL_CONVERSION = YES;
				CLANG_WARN_COMMA = YES;
				CLANG_WARN_CONSTANT_CONVERSION = YES;
				CLANG_WARN_DEPRECATED_OBJC_IMPLEMENTATIONS = YES;
				CLANG_WARN_DIRECT_OBJC_ISA_USAGE = YES_ERROR;
				CLANG_WARN_DOCUMENTATION_COMMENTS = YES;
				CLANG_WARN_EMPTY_BODY = YES;
				CLANG_WARN_ENUM_CONVERSION = YES;
				CLANG_WARN_INFINITE_RECURSION = YES;
				CLANG_WARN_INT_CONVERSION = YES;
				CLANG_WARN_NON_LITERAL_NULL_CONVERSION = YES;
				CLANG_WARN_OBJC_IMPLICIT_RETAIN_SELF = YES;
				CLANG_WARN_OBJC_LITERAL_CONVERSION = YES;
				CLANG_WARN_OBJC_ROOT_CLASS = YES_ERROR;
				CLANG_WARN_QUOTED_INCLUDE_IN_FRAMEWORK_HEADER = YES;
				CLANG_WARN_RANGE_LOOP_ANALYSIS = YES;
				CLANG_WARN_STRICT_PROTOTYPES = YES;
				CLANG_WARN_SUSPICIOUS_MOVE = YES;
				CLANG_WARN_UNGUARDED_AVAILABILITY = YES_AGGRESSIVE;
				CLANG_WARN_UNREACHABLE_CODE = YES;
				CLANG_WARN__DUPLICATE_METHOD_MATCH = YES;
				COPY_PHASE_STRIP = NO;
				DEBUG_INFORMATION_FORMAT = "dwarf-with-dsym";
				ENABLE_NS_ASSERTIONS = NO;
				ENABLE_STRICT_OBJC_MSGSEND = YES;
				GCC_C_LANGUAGE_STANDARD = gnu11;
				GCC_NO_COMMON_BLOCKS = YES;
				GCC_WARN_64_TO_32_BIT_CONVERSION = YES;
				GCC_WARN_ABOUT_RETURN_TYPE = YES_ERROR;
				GCC_WARN_UNDECLARED_SELECTOR = YES;
				GCC_WARN_UNINITIALIZED_AUTOS = YES_AGGRESSIVE;
				GCC_WARN_UNUSED_FUNCTION = YES;
				GCC_WARN_UNUSED_VARIABLE = YES;
				IPHONEOS_DEPLOYMENT_TARGET = 16.4;
				MTL_ENABLE_DEBUG_INFO = NO;
				MTL_FAST_MATH = YES;
				SDKROOT = iphoneos;
				SWIFT_COMPILATION_MODE = wholemodule;
				SWIFT_OPTIMIZATION_LEVEL = "-O";
				VALIDATE_PRODUCT = YES;
			};
			name = Release;
		};
		3A2772F92A609D6D00F8C54C /* Debug */ = {
			isa = XCBuildConfiguration;
			buildSettings = {
				ASSETCATALOG_COMPILER_APPICON_NAME = AppIcon;
				ASSETCATALOG_COMPILER_GLOBAL_ACCENT_COLOR_NAME = AccentColor;
				CODE_SIGN_STYLE = Automatic;
				CURRENT_PROJECT_VERSION = 1;
				DEVELOPMENT_TEAM = 6GB2DUG9QB;
				GENERATE_INFOPLIST_FILE = YES;
				INFOPLIST_FILE = "Project-03-Animal-Info/Info.plist";
				INFOPLIST_KEY_UIApplicationSupportsIndirectInputEvents = YES;
				INFOPLIST_KEY_UILaunchStoryboardName = LaunchScreen;
				INFOPLIST_KEY_UIMainStoryboardFile = AnimalViewController;
				INFOPLIST_KEY_UISupportedInterfaceOrientations_iPad = "UIInterfaceOrientationPortrait UIInterfaceOrientationPortraitUpsideDown UIInterfaceOrientationLandscapeLeft UIInterfaceOrientationLandscapeRight";
				INFOPLIST_KEY_UISupportedInterfaceOrientations_iPhone = "UIInterfaceOrientationPortrait UIInterfaceOrientationLandscapeLeft UIInterfaceOrientationLandscapeRight";
				LD_RUNPATH_SEARCH_PATHS = (
					"$(inherited)",
					"@executable_path/Frameworks",
				);
				MARKETING_VERSION = 1.0;
				PRODUCT_BUNDLE_IDENTIFIER = "me.ilgin.Project-03-Animal-Info";
				PRODUCT_NAME = "$(TARGET_NAME)";
				SWIFT_EMIT_LOC_STRINGS = YES;
				SWIFT_VERSION = 5.0;
				TARGETED_DEVICE_FAMILY = "1,2";
			};
			name = Debug;
		};
		3A2772FA2A609D6D00F8C54C /* Release */ = {
			isa = XCBuildConfiguration;
			buildSettings = {
				ASSETCATALOG_COMPILER_APPICON_NAME = AppIcon;
				ASSETCATALOG_COMPILER_GLOBAL_ACCENT_COLOR_NAME = AccentColor;
				CODE_SIGN_STYLE = Automatic;
				CURRENT_PROJECT_VERSION = 1;
				DEVELOPMENT_TEAM = 6GB2DUG9QB;
				GENERATE_INFOPLIST_FILE = YES;
				INFOPLIST_FILE = "Project-03-Animal-Info/Info.plist";
				INFOPLIST_KEY_UIApplicationSupportsIndirectInputEvents = YES;
				INFOPLIST_KEY_UILaunchStoryboardName = LaunchScreen;
				INFOPLIST_KEY_UIMainStoryboardFile = AnimalViewController;
				INFOPLIST_KEY_UISupportedInterfaceOrientations_iPad = "UIInterfaceOrientationPortrait UIInterfaceOrientationPortraitUpsideDown UIInterfaceOrientationLandscapeLeft UIInterfaceOrientationLandscapeRight";
				INFOPLIST_KEY_UISupportedInterfaceOrientations_iPhone = "UIInterfaceOrientationPortrait UIInterfaceOrientationLandscapeLeft UIInterfaceOrientationLandscapeRight";
				LD_RUNPATH_SEARCH_PATHS = (
					"$(inherited)",
					"@executable_path/Frameworks",
				);
				MARKETING_VERSION = 1.0;
				PRODUCT_BUNDLE_IDENTIFIER = "me.ilgin.Project-03-Animal-Info";
				PRODUCT_NAME = "$(TARGET_NAME)";
				SWIFT_EMIT_LOC_STRINGS = YES;
				SWIFT_VERSION = 5.0;
				TARGETED_DEVICE_FAMILY = "1,2";
			};
			name = Release;
		};
/* End XCBuildConfiguration section */

/* Begin XCConfigurationList section */
		3A2772DF2A609D6C00F8C54C /* Build configuration list for PBXProject "Project-03-Animal-Info" */ = {
			isa = XCConfigurationList;
			buildConfigurations = (
				3A2772F62A609D6D00F8C54C /* Debug */,
				3A2772F72A609D6D00F8C54C /* Release */,
			);
			defaultConfigurationIsVisible = 0;
			defaultConfigurationName = Release;
		};
		3A2772F82A609D6D00F8C54C /* Build configuration list for PBXNativeTarget "Project-03-Animal-Info" */ = {
			isa = XCConfigurationList;
			buildConfigurations = (
				3A2772F92A609D6D00F8C54C /* Debug */,
				3A2772FA2A609D6D00F8C54C /* Release */,
			);
			defaultConfigurationIsVisible = 0;
			defaultConfigurationName = Release;
		};
/* End XCConfigurationList section */
	};
	rootObject = 3A2772DC2A609D6C00F8C54C /* Project object */;
}
